
Microsoft Visual Studio Solution File, Format Version 12.00
# Visual Studio 15
VisualStudioVersion = 15.0.28010.2003
MinimumVisualStudioVersion = 10.0.40219.1
Project("{FAE04EC0-301F-11D3-BF4B-00C04F79EFBC}") = "website", "website\website.csproj", "{B1FDA7B9-C157-4D93-A34B-296091FA9AE9}"
EndProject
Global
	GlobalSection(SolutionConfigurationPlatforms) = preSolution
		Debug|Any CPU = Debug|Any CPU
		Release|Any CPU = Release|Any CPU
	EndGlobalSection
	GlobalSection(ProjectConfigurationPlatforms) = postSolution
		{B1FDA7B9-C157-4D93-A34B-296091FA9AE9}.Debug|Any CPU.ActiveCfg = Debug|Any CPU
		{B1FDA7B9-C157-4D93-A34B-296091FA9AE9}.Debug|Any CPU.Build.0 = Debug|Any CPU
		{B1FDA7B9-C157-4D93-A34B-296091FA9AE9}.Release|Any CPU.ActiveCfg = Release|Any CPU
		{B1FDA7B9-C157-4D93-A34B-296091FA9AE9}.Release|Any CPU.Build.0 = Release|Any CPU
	EndGlobalSection
	GlobalSection(SolutionProperties) = preSolution
		HideSolutionNode = FALSE
	EndGlobalSection
	GlobalSection(ExtensibilityGlobals) = postSolution
		SolutionGuid = {FECC3E01-93B5-4D82-8204-E0ED5E155168}
	EndGlobalSection
EndGlobal
